
Microsoft Visual Studio Solution File, Format Version 12.00
# Visual Studio Version 17
VisualStudioVersion = 17.2.32516.85
MinimumVisualStudioVersion = 10.0.40219.1
Project("{FAE04EC0-301F-11D3-BF4B-00C04F79EFBC}") = "Day19_LabAssignment", "Day19_LabAssignment\Day19_LabAssignment.csproj", "{B7177401-96C1-49B8-804D-461804080C61}"
EndProject
Global
	GlobalSection(SolutionConfigurationPlatforms) = preSolution
		Debug|Any CPU = Debug|Any CPU
		Release|Any CPU = Release|Any CPU
	EndGlobalSection
	GlobalSection(ProjectConfigurationPlatforms) = postSolution
		{B7177401-96C1-49B8-804D-461804080C61}.Debug|Any CPU.ActiveCfg = Debug|Any CPU
		{B7177401-96C1-49B8-804D-461804080C61}.Debug|Any CPU.Build.0 = Debug|Any CPU
		{B7177401-96C1-49B8-804D-461804080C61}.Release|Any CPU.ActiveCfg = Release|Any CPU
		{B7177401-96C1-49B8-804D-461804080C61}.Release|Any CPU.Build.0 = Release|Any CPU
	EndGlobalSection
	GlobalSection(SolutionProperties) = preSolution
		HideSolutionNode = FALSE
	EndGlobalSection
	GlobalSection(ExtensibilityGlobals) = postSolution
		SolutionGuid = {B9013C98-48BC-491A-A86C-0D741B507913}
	EndGlobalSection
EndGlobal
